
Microsoft Visual Studio Solution File, Format Version 12.00
# Visual Studio Version 16
VisualStudioVersion = 16.0.31402.337
MinimumVisualStudioVersion = 10.0.40219.1
Project("{FAE04EC0-301F-11D3-BF4B-00C04F79EFBC}") = "WebApiFinal", "WebApiFinal.csproj", "{0F06EA64-6953-491C-95D5-436B9919409A}"
EndProject
Project("{FAE04EC0-301F-11D3-BF4B-00C04F79EFBC}") = "ConexionFinal", "..\ConexionFinal\ConexionFinal.csproj", "{89ADE920-3434-44B2-9E78-43CB48E16CAE}"
EndProject
Global
	GlobalSection(SolutionConfigurationPlatforms) = preSolution
		Debug|Any CPU = Debug|Any CPU
		Release|Any CPU = Release|Any CPU
	EndGlobalSection
	GlobalSection(ProjectConfigurationPlatforms) = postSolution
		{0F06EA64-6953-491C-95D5-436B9919409A}.Debug|Any CPU.ActiveCfg = Debug|Any CPU
		{0F06EA64-6953-491C-95D5-436B9919409A}.Debug|Any CPU.Build.0 = Debug|Any CPU
		{0F06EA64-6953-491C-95D5-436B9919409A}.Release|Any CPU.ActiveCfg = Release|Any CPU
		{0F06EA64-6953-491C-95D5-436B9919409A}.Release|Any CPU.Build.0 = Release|Any CPU
		{89ADE920-3434-44B2-9E78-43CB48E16CAE}.Debug|Any CPU.ActiveCfg = Debug|Any CPU
		{89ADE920-3434-44B2-9E78-43CB48E16CAE}.Debug|Any CPU.Build.0 = Debug|Any CPU
		{89ADE920-3434-44B2-9E78-43CB48E16CAE}.Release|Any CPU.ActiveCfg = Release|Any CPU
		{89ADE920-3434-44B2-9E78-43CB48E16CAE}.Release|Any CPU.Build.0 = Release|Any CPU
	EndGlobalSection
	GlobalSection(SolutionProperties) = preSolution
		HideSolutionNode = FALSE
	EndGlobalSection
	GlobalSection(ExtensibilityGlobals) = postSolution
		SolutionGuid = {91267F54-D486-4D97-BC1B-71F58125056A}
	EndGlobalSection
EndGlobal
